
Microsoft Visual Studio Solution File, Format Version 12.00
# Visual Studio Version 17
VisualStudioVersion = 17.7.34031.279
MinimumVisualStudioVersion = 10.0.40219.1
Project("{8BC9CEB8-8B4A-11D0-8D11-00A0C91BC942}") = "p33-46 decrease date", "p33-46 decrease date\p33-46 decrease date.vcxproj", "{78EF492C-9FE8-42E3-BCBB-CF3BE89D5F27}"
EndProject
Global
	GlobalSection(SolutionConfigurationPlatforms) = preSolution
		Debug|x64 = Debug|x64
		Debug|x86 = Debug|x86
		Release|x64 = Release|x64
		Release|x86 = Release|x86
	EndGlobalSection
	GlobalSection(ProjectConfigurationPlatforms) = postSolution
		{78EF492C-9FE8-42E3-BCBB-CF3BE89D5F27}.Debug|x64.ActiveCfg = Debug|x64
		{78EF492C-9FE8-42E3-BCBB-CF3BE89D5F27}.Debug|x64.Build.0 = Debug|x64
		{78EF492C-9FE8-42E3-BCBB-CF3BE89D5F27}.Debug|x86.ActiveCfg = Debug|Win32
		{78EF492C-9FE8-42E3-BCBB-CF3BE89D5F27}.Debug|x86.Build.0 = Debug|Win32
		{78EF492C-9FE8-42E3-BCBB-CF3BE89D5F27}.Release|x64.ActiveCfg = Release|x64
		{78EF492C-9FE8-42E3-BCBB-CF3BE89D5F27}.Release|x64.Build.0 = Release|x64
		{78EF492C-9FE8-42E3-BCBB-CF3BE89D5F27}.Release|x86.ActiveCfg = Release|Win32
		{78EF492C-9FE8-42E3-BCBB-CF3BE89D5F27}.Release|x86.Build.0 = Release|Win32
	EndGlobalSection
	GlobalSection(SolutionProperties) = preSolution
		HideSolutionNode = FALSE
	EndGlobalSection
	GlobalSection(ExtensibilityGlobals) = postSolution
		SolutionGuid = {BEEB910A-6638-4F30-835B-25A2B9A797DE}
	EndGlobalSection
EndGlobal
